
Microsoft Visual Studio Solution File, Format Version 12.00
# Visual Studio Version 17
VisualStudioVersion = 17.4.33213.308
MinimumVisualStudioVersion = 10.0.40219.1
Project("{FAE04EC0-301F-11D3-BF4B-00C04F79EFBC}") = "GameGitDemo", "GameGitDemo\GameGitDemo.csproj", "{7B97174A-B061-42EF-AF01-05CD27458EDF}"
EndProject
Global
	GlobalSection(SolutionConfigurationPlatforms) = preSolution
		Debug|Any CPU = Debug|Any CPU
		Release|Any CPU = Release|Any CPU
	EndGlobalSection
	GlobalSection(ProjectConfigurationPlatforms) = postSolution
		{7B97174A-B061-42EF-AF01-05CD27458EDF}.Debug|Any CPU.ActiveCfg = Debug|Any CPU
		{7B97174A-B061-42EF-AF01-05CD27458EDF}.Debug|Any CPU.Build.0 = Debug|Any CPU
		{7B97174A-B061-42EF-AF01-05CD27458EDF}.Release|Any CPU.ActiveCfg = Release|Any CPU
		{7B97174A-B061-42EF-AF01-05CD27458EDF}.Release|Any CPU.Build.0 = Release|Any CPU
	EndGlobalSection
	GlobalSection(SolutionProperties) = preSolution
		HideSolutionNode = FALSE
	EndGlobalSection
	GlobalSection(ExtensibilityGlobals) = postSolution
		SolutionGuid = {902809F4-A225-4298-979D-762FA428F012}
	EndGlobalSection
EndGlobal
